{
    "_meta": {
        "hash": {
            "sha256": "1ce111f11b87aeaa2848c781ff68c7e0b6ec3205f61f065c75fd93814dd48d13"
        },
        "pipfile-spec": 6,
        "requires": {
            "python_version": "3.9"
        },
        "sources": [
            {
                "name": "pypi",
                "url": "https://pypi.org/simple",
                "verify_ssl": true
            }
        ]
    },
    "default": {
        "grpcio": {
            "hashes": [
                "sha256:008767c0aed4899e657b50f2e0beacbabccab51359eba547f860e7c55f2be6ba",
                "sha256:03a80451530fd3b8b155e0c4480434f6be669daf7ecba56f73ef98f94222ee01",
                "sha256:0409de787ebbf08c9d2bca2bcc7762c1efe72eada164af78b50567a8dfc7253c",
                "sha256:14e70b4dda3183abea94c72d41d5930c333b21f8561c1904a372d80370592ef3",
                "sha256:17f47aeb9be0da5337f9ff33ebb8795899021e6c0741ee68bd69774a7804ca86",
                "sha256:187b8f71bad7d41eea15e0c9812aaa2b87adfb343895fffb704fb040ca731863",
                "sha256:1eadd6de258901929223f422ffed7f8b310c0323324caf59227f9899ea1b1674",
                "sha256:38fdf5bd0a1c754ce6bf9311a3c2c7ebe56e88b8763593316b69e0e9a56af1de",
                "sha256:4241a1c2c76e748023c834995cd916570e7180ee478969c2d79a60ce007bc837",
                "sha256:437af5a7673bca89c4bc0a993382200592d104dd7bf55eddcd141cef91f40bab",
                "sha256:43c50d810cc26349b093bf2cfe86756ab3e9aba3e7e681d360930c1268e1399a",
                "sha256:4c08ee21b3d10315b8dc26f6c13917b20ed574cdbed2d2d80c53d5508fdcc0f2",
                "sha256:4f84a6fd4482e5fe73b297d4874b62a535bc75dc6aec8e9fe0dc88106cd40397",
                "sha256:4feee75565d1b5ab09cb3a5da672b84ca7f6dd80ee07a50f5537207a9af543a4",
                "sha256:50f4daa698835accbbcc60e61e0bc29636c0156ddcafb3891c987e533a0031ba",
                "sha256:59c4e606993a47146fbeaf304b9e78c447f5b9ee5641cae013028c4cca784617",
                "sha256:5d2fc471668a7222e213f86ef76933b18cdda6a51ea1322034478df8c6519959",
                "sha256:64bd3abcf9fb4a9fa4ede8d0d34686314a7075f62a1502217b227991d9ca4245",
                "sha256:66f0369d27f4c105cd21059d635860bb2ea81bd593061c45fb64875103f40e4a",
                "sha256:6b5ce42a5ebe3e04796246ba50357f1813c44a6efe17a37f8dc7a5c470377312",
                "sha256:72836b5a1d4f508ffbcfe35033d027859cc737972f9dddbe33fb75d687421e2e",
                "sha256:76b6e6e1ee9bda32e6e933efd61c512e9a9f377d7c580977f090d1a9c78cca44",
                "sha256:79d4c5911d12a7aa671e5eb40cbb50a830396525014d2d6f254ea2ba180ce637",
                "sha256:7beb84ebd0a3f732625124b73969d12b7350c5d9d64ddf81ae739bbc63d5b1ed",
                "sha256:8219f17baf069fe8e42bd8ca0b312b875595e43a70cabf397be4fda488e2f27d",
                "sha256:83ec714bbbe9b9502177c842417fde39f7a267031e01fa3cd83f1ca49688f537",
                "sha256:8674fdbd28266d8efbcddacf4ec3643f76fe6376f73283fd63a8374c14b0ef7c",
                "sha256:881575f240eb5db72ddca4dc5602898c29bc082e0d94599bf20588fb7d1ee6a0",
                "sha256:8b3b2c7b5feef90bc9a5fa1c7f97637e55ec3e76460c6d16c3013952ee479cd9",
                "sha256:991224fd485e088d3cb5e34366053691a4848a6b7112b8f5625a411305c26691",
                "sha256:aa08affbf672d051cd3da62303901aeb7042a2c188c03b2c2a2d346fc5e81c14",
                "sha256:b1f4b6f25a87d80b28dd6d02e87d63fe1577fe6d04a60a17454e3f8077a38279",
                "sha256:b4638a796778329cc8e142e4f57c705adb286b3ba64e00b0fa91eeb919611be8",
                "sha256:bd55f743e654fb050c665968d7ec2c33f03578a4bbb163cfce38024775ff54cc",
                "sha256:c0bc9dda550785d23f4f025be614b7faa8d0293e10811f0f8536cf50435b7a30",
                "sha256:c2148170e01d464d41011a878088444c13413264418b557f0bdcd1bf1b674a0e",
                "sha256:c243b158dd7585021d16c50498c4b2ec0a64a6119967440c5ff2d8c89e72330e",
                "sha256:c63bc5ac6c7e646c296fed9139097ae0f0e63f36f0864d7ce431cce61fe0118a",
                "sha256:c6f36621aabecbaff3e70c4d1d924c76c8e6a7ffec60c331893640a4af0a8037",
                "sha256:d596408bab632ec7b947761e83ce6b3e7632e26b76d64c239ba66b554b7ee286",
                "sha256:defdd14b518e6e468466f799aaa69db0355bca8d3a5ea75fb912d28ba6f8af31",
                "sha256:e2db108b4c8e29c145e95b0226973a66d73ae3e3e7fae00329294af4e27f1c42",
                "sha256:f92a99ab0c7772fb6859bf2e4f44ad30088d18f7c67b83205297bfb229e0d2cf",
                "sha256:fb34ace11419f1ae321c36ccaa18d81cd3f20728cd191250be42949d6845bb2d",
                "sha256:fdc3a895791af4addbb826808d4c9c35917c59bb5c430d729f44224e51c92d61"
            ],
            "index": "pypi",
            "version": "==1.56.0"
        }
    },
    "develop": {}
}
